{
  "name": "how-to-js-router",
  "version": "1.0.0",
  "lockfileVersion": 1,
  "requires": true,
  "dependencies": {
    "delph": {
      "version": "1.0.0",
      "resolved": "https://registry.npmjs.org/delph/-/delph-1.0.0.tgz",
      "integrity": "sha512-vhlytME9r6WwheAHQgDY2h2BXsuKiMjTPGGScnLdcR0APWeNFODcqIks/l2lqjqJVhkH5Y9BE3r72Rce+YT/Qg=="
    }
  }
}
